
Microsoft Visual Studio Solution File, Format Version 12.00
# Visual Studio 2013
VisualStudioVersion = 12.0.31101.0
MinimumVisualStudioVersion = 10.0.40219.1
Project("{FAE04EC0-301F-11D3-BF4B-00C04F79EFBC}") = "DevOps.Nuget.Integration", "DevOps.Nuget.Integration\DevOps.Nuget.Integration.csproj", "{51B920A1-800A-4C46-B9BC-B8B9A5D87B68}"
EndProject
Project("{FAE04EC0-301F-11D3-BF4B-00C04F79EFBC}") = "DevOps.Aws.Integration", "DevOps.Aws.Integration\DevOps.Aws.Integration.csproj", "{800A284E-D1AC-4109-A1DD-8D43FE70C7B9}"
EndProject
Project("{FAE04EC0-301F-11D3-BF4B-00C04F79EFBC}") = "DevOps.Console", "DevOps.Console\DevOps.Console.csproj", "{264E7463-B36E-4C82-ADF8-0435281E7AAC}"
EndProject
Project("{FAE04EC0-301F-11D3-BF4B-00C04F79EFBC}") = "DevOps.OctopusDeploy.Integration", "DevOps.Octopus.Integration\DevOps.OctopusDeploy.Integration.csproj", "{5DA46B4A-3388-4169-94F2-C3D32772C191}"
EndProject
Global
	GlobalSection(SolutionConfigurationPlatforms) = preSolution
		Debug|Any CPU = Debug|Any CPU
		Release|Any CPU = Release|Any CPU
	EndGlobalSection
	GlobalSection(ProjectConfigurationPlatforms) = postSolution
		{51B920A1-800A-4C46-B9BC-B8B9A5D87B68}.Debug|Any CPU.ActiveCfg = Debug|Any CPU
		{51B920A1-800A-4C46-B9BC-B8B9A5D87B68}.Debug|Any CPU.Build.0 = Debug|Any CPU
		{51B920A1-800A-4C46-B9BC-B8B9A5D87B68}.Release|Any CPU.ActiveCfg = Release|Any CPU
		{51B920A1-800A-4C46-B9BC-B8B9A5D87B68}.Release|Any CPU.Build.0 = Release|Any CPU
		{800A284E-D1AC-4109-A1DD-8D43FE70C7B9}.Debug|Any CPU.ActiveCfg = Debug|Any CPU
		{800A284E-D1AC-4109-A1DD-8D43FE70C7B9}.Debug|Any CPU.Build.0 = Debug|Any CPU
		{800A284E-D1AC-4109-A1DD-8D43FE70C7B9}.Release|Any CPU.ActiveCfg = Release|Any CPU
		{800A284E-D1AC-4109-A1DD-8D43FE70C7B9}.Release|Any CPU.Build.0 = Release|Any CPU
		{264E7463-B36E-4C82-ADF8-0435281E7AAC}.Debug|Any CPU.ActiveCfg = Debug|Any CPU
		{264E7463-B36E-4C82-ADF8-0435281E7AAC}.Debug|Any CPU.Build.0 = Debug|Any CPU
		{264E7463-B36E-4C82-ADF8-0435281E7AAC}.Release|Any CPU.ActiveCfg = Release|Any CPU
		{264E7463-B36E-4C82-ADF8-0435281E7AAC}.Release|Any CPU.Build.0 = Release|Any CPU
		{5DA46B4A-3388-4169-94F2-C3D32772C191}.Debug|Any CPU.ActiveCfg = Debug|Any CPU
		{5DA46B4A-3388-4169-94F2-C3D32772C191}.Debug|Any CPU.Build.0 = Debug|Any CPU
		{5DA46B4A-3388-4169-94F2-C3D32772C191}.Release|Any CPU.ActiveCfg = Release|Any CPU
		{5DA46B4A-3388-4169-94F2-C3D32772C191}.Release|Any CPU.Build.0 = Release|Any CPU
	EndGlobalSection
	GlobalSection(SolutionProperties) = preSolution
		HideSolutionNode = FALSE
	EndGlobalSection
EndGlobal
